// !$*UTF8*$!
{
	archiveVersion = 1;
	classes = {
	};
	objectVersion = 42;
	objects = {

/* Begin PBXBuildFile section */
		8D15AC2C0486D014006FF6A4 /* Credits.rtf in Resources */ = {isa = PBXBuildFile; fileRef = 2A37F4B9FDCFA73011CA2CEA /* Credits.rtf */; };
		8D15AC2D0486D014006FF6A4 /* MainMenu.nib in Resources */ = {isa = PBXBuildFile; fileRef = 2A37F4B6FDCFA73011CA2CEA /* MainMenu.nib */; };
		8D15AC2E0486D014006FF6A4 /* AquaPathWindow.nib in Resources */ = {isa = PBXBuildFile; fileRef = 2A37F4B4FDCFA73011CA2CEA /* AquaPathWindow.nib */; };
		8D15AC2F0486D014006FF6A4 /* InfoPlist.strings in Resources */ = {isa = PBXBuildFile; fileRef = 089C165FFE840EACC02AAC07 /* InfoPlist.strings */; };
		8D15AC320486D014006FF6A4 /* main.m in Sources */ = {isa = PBXBuildFile; fileRef = 2A37F4B0FDCFA73011CA2CEA /* main.m */; settings = {ATTRIBUTES = (); }; };
		8D15AC340486D014006FF6A4 /* Cocoa.framework in Frameworks */ = {isa = PBXBuildFile; fileRef = 1058C7A7FEA54F5311CA2CBB /* Cocoa.framework */; };
		9D06CECB099E7EEE001DD31C /* openStartTagContext.html in Resources */ = {isa = PBXBuildFile; fileRef = 9D06CECA099E7EEE001DD31C /* openStartTagContext.html */; };
		9D06CECF099E7F0B001DD31C /* openStartTagMatchedContext.html in Resources */ = {isa = PBXBuildFile; fileRef = 9D06CECE099E7F0B001DD31C /* openStartTagMatchedContext.html */; };
		9D06CEEE099E8077001DD31C /* commentContext.html in Resources */ = {isa = PBXBuildFile; fileRef = 9D06CEED099E8077001DD31C /* commentContext.html */; };
		9D06CEF2099E80A9001DD31C /* commentMatchedContext.html in Resources */ = {isa = PBXBuildFile; fileRef = 9D06CEF1099E80A9001DD31C /* commentMatchedContext.html */; };
		9D06CEF8099E80D1001DD31C /* piContext.html in Resources */ = {isa = PBXBuildFile; fileRef = 9D06CEF7099E80D1001DD31C /* piContext.html */; };
		9D06CEFC099E80EF001DD31C /* piMatchedContext.html in Resources */ = {isa = PBXBuildFile; fileRef = 9D06CEFB099E80EF001DD31C /* piMatchedContext.html */; };
		9D06CF00099E8114001DD31C /* attrContext.html in Resources */ = {isa = PBXBuildFile; fileRef = 9D06CEFF099E8114001DD31C /* attrContext.html */; };
		9D06CF02099E8120001DD31C /* attrMatchedContext.html in Resources */ = {isa = PBXBuildFile; fileRef = 9D06CF01099E8120001DD31C /* attrMatchedContext.html */; };
		9D06CF04099E812D001DD31C /* textContext.html in Resources */ = {isa = PBXBuildFile; fileRef = 9D06CF03099E812D001DD31C /* textContext.html */; };
		9D06CF06099E813A001DD31C /* textMatchedContext.html in Resources */ = {isa = PBXBuildFile; fileRef = 9D06CF05099E813A001DD31C /* textMatchedContext.html */; };
		9D06CFB4099FB6B4001DD31C /* body.html in Resources */ = {isa = PBXBuildFile; fileRef = 9D06CFB3099FB6B3001DD31C /* body.html */; };
		9D06CFB6099FB6BD001DD31C /* bodyMatched.html in Resources */ = {isa = PBXBuildFile; fileRef = 9D06CFB5099FB6BD001DD31C /* bodyMatched.html */; };
		9D06CFB8099FB6C8001DD31C /* bodyMatchedContext.html in Resources */ = {isa = PBXBuildFile; fileRef = 9D06CFB7099FB6C8001DD31C /* bodyMatchedContext.html */; };
		9D06CFBA099FB6D0001DD31C /* bodyContext.html in Resources */ = {isa = PBXBuildFile; fileRef = 9D06CFB9099FB6D0001DD31C /* bodyContext.html */; };
		9D6089E9097DC8F90062713E /* AquaPathDocument.m in Sources */ = {isa = PBXBuildFile; fileRef = 9D6089E8097DC8F90062713E /* AquaPathDocument.m */; };
		9D6089EC097DC9070062713E /* AquaPathController.m in Sources */ = {isa = PBXBuildFile; fileRef = 9D6089EB097DC9070062713E /* AquaPathController.m */; };
		9D608AE4097DD8040062713E /* XPathServiceNSXMLImpl.m in Sources */ = {isa = PBXBuildFile; fileRef = 9D608AE3097DD8040062713E /* XPathServiceNSXMLImpl.m */; };
		9D6091B0097E9D710062713E /* WebKit.framework in Frameworks */ = {isa = PBXBuildFile; fileRef = 9D6091AF097E9D710062713E /* WebKit.framework */; };
		9D6091BE097E9E8C0062713E /* BorderView.m in Sources */ = {isa = PBXBuildFile; fileRef = 9D6091BD097E9E8C0062713E /* BorderView.m */; };
		9D609350097EA4360062713E /* EventBasedDHTMLPrettyPrinter.m in Sources */ = {isa = PBXBuildFile; fileRef = 9D60934F097EA4360062713E /* EventBasedDHTMLPrettyPrinter.m */; };
		9D60935C097EA4D30062713E /* attr.html in Resources */ = {isa = PBXBuildFile; fileRef = 9D609355097EA4D30062713E /* attr.html */; };
		9D60935D097EA4D30062713E /* closeStartTag.html in Resources */ = {isa = PBXBuildFile; fileRef = 9D609356097EA4D30062713E /* closeStartTag.html */; };
		9D60935E097EA4D30062713E /* endTag.html in Resources */ = {isa = PBXBuildFile; fileRef = 9D609357097EA4D30062713E /* endTag.html */; };
		9D60935F097EA4D30062713E /* openStartTag.html in Resources */ = {isa = PBXBuildFile; fileRef = 9D609358097EA4D30062713E /* openStartTag.html */; };
		9D609361097EA4D30062713E /* prettyPrintEnd.html in Resources */ = {isa = PBXBuildFile; fileRef = 9D60935A097EA4D30062713E /* prettyPrintEnd.html */; };
		9D609362097EA4D30062713E /* prettyPrintStart.html in Resources */ = {isa = PBXBuildFile; fileRef = 9D60935B097EA4D30062713E /* prettyPrintStart.html */; };
		9D609501097EC2450062713E /* TreeBasedDHTMLPrettyPrinter.m in Sources */ = {isa = PBXBuildFile; fileRef = 9D6094FF097EC2450062713E /* TreeBasedDHTMLPrettyPrinter.m */; };
		9D609598097EDB400062713E /* comment.html in Resources */ = {isa = PBXBuildFile; fileRef = 9D609597097EDB400062713E /* comment.html */; };
		9D60959E097EDB8D0062713E /* pi.html in Resources */ = {isa = PBXBuildFile; fileRef = 9D60959D097EDB8D0062713E /* pi.html */; };
		9D6096CD097F01130062713E /* openStartTagMatched.html in Resources */ = {isa = PBXBuildFile; fileRef = 9D6096CC097F01130062713E /* openStartTagMatched.html */; };
		9D6096E0097F02CD0062713E /* attrMatched.html in Resources */ = {isa = PBXBuildFile; fileRef = 9D6096DF097F02CD0062713E /* attrMatched.html */; };
		9D6096F5097F04720062713E /* piMatched.html in Resources */ = {isa = PBXBuildFile; fileRef = 9D6096F4097F04720062713E /* piMatched.html */; };
		9D6096FE097F05C60062713E /* commentMatched.html in Resources */ = {isa = PBXBuildFile; fileRef = 9D6096FD097F05C60062713E /* commentMatched.html */; };
		9D609716097F06720062713E /* textMatched.html in Resources */ = {isa = PBXBuildFile; fileRef = 9D609715097F06720062713E /* textMatched.html */; };
		9D60971A097F06920062713E /* text.html in Resources */ = {isa = PBXBuildFile; fileRef = 9D609719097F06920062713E /* text.html */; };
		9D609731097F26950062713E /* appl.icns in Resources */ = {isa = PBXBuildFile; fileRef = 9D609730097F26950062713E /* appl.icns */; };
		D3B089990A6D9475005723A3 /* XSLTBasedDHTMLPrettyPrinter.m in Sources */ = {isa = PBXBuildFile; fileRef = D3B089980A6D9475005723A3 /* XSLTBasedDHTMLPrettyPrinter.m */; };
		D3B089A10A6D94C9005723A3 /* prettyxml.xsl in Resources */ = {isa = PBXBuildFile; fileRef = D3B089A00A6D94C9005723A3 /* prettyxml.xsl */; };
/* End PBXBuildFile section */

/* Begin PBXFileReference section */
		089C1660FE840EACC02AAC07 /* English */ = {isa = PBXFileReference; fileEncoding = 10; lastKnownFileType = text.plist.strings; name = English; path = English.lproj/InfoPlist.strings; sourceTree = "<group>"; };
		1058C7A7FEA54F5311CA2CBB /* Cocoa.framework */ = {isa = PBXFileReference; lastKnownFileType = wrapper.framework; name = Cocoa.framework; path = /System/Library/Frameworks/Cocoa.framework; sourceTree = "<absolute>"; };
		13E42FBA07B3F13500E4EEF1 /* CoreData.framework */ = {isa = PBXFileReference; lastKnownFileType = wrapper.framework; name = CoreData.framework; path = /System/Library/Frameworks/CoreData.framework; sourceTree = "<absolute>"; };
		2A37F4B0FDCFA73011CA2CEA /* main.m */ = {isa = PBXFileReference; fileEncoding = 4; lastKnownFileType = sourcecode.c.objc; path = main.m; sourceTree = "<group>"; };
		2A37F4B5FDCFA73011CA2CEA /* English */ = {isa = PBXFileReference; lastKnownFileType = wrapper.nib; name = English; path = English.lproj/AquaPathWindow.nib; sourceTree = "<group>"; };
		2A37F4B7FDCFA73011CA2CEA /* English */ = {isa = PBXFileReference; lastKnownFileType = wrapper.nib; name = English; path = English.lproj/MainMenu.nib; sourceTree = "<group>"; };
		2A37F4BAFDCFA73011CA2CEA /* English */ = {isa = PBXFileReference; lastKnownFileType = text.rtf; name = English; path = English.lproj/Credits.rtf; sourceTree = "<group>"; };
		2A37F4C4FDCFA73011CA2CEA /* AppKit.framework */ = {isa = PBXFileReference; lastKnownFileType = wrapper.framework; name = AppKit.framework; path = /System/Library/Frameworks/AppKit.framework; sourceTree = "<absolute>"; };
		2A37F4C5FDCFA73011CA2CEA /* Foundation.framework */ = {isa = PBXFileReference; lastKnownFileType = wrapper.framework; name = Foundation.framework; path = /System/Library/Frameworks/Foundation.framework; sourceTree = "<absolute>"; };
		32DBCF750370BD2300C91783 /* AquaPath_Prefix.pch */ = {isa = PBXFileReference; fileEncoding = 4; lastKnownFileType = sourcecode.c.h; path = AquaPath_Prefix.pch; sourceTree = "<group>"; };
		8D15AC360486D014006FF6A4 /* Info.plist */ = {isa = PBXFileReference; fileEncoding = 4; lastKnownFileType = text.plist; path = Info.plist; sourceTree = "<group>"; };
		8D15AC370486D014006FF6A4 /* AquaPath.app */ = {isa = PBXFileReference; explicitFileType = wrapper.application; includeInIndex = 0; path = AquaPath.app; sourceTree = BUILT_PRODUCTS_DIR; };
		9D06CECA099E7EEE001DD31C /* openStartTagContext.html */ = {isa = PBXFileReference; fileEncoding = 4; lastKnownFileType = text.html; name = openStartTagContext.html; path = res/openStartTagContext.html; sourceTree = "<group>"; };
		9D06CECE099E7F0B001DD31C /* openStartTagMatchedContext.html */ = {isa = PBXFileReference; fileEncoding = 4; lastKnownFileType = text.html; name = openStartTagMatchedContext.html; path = res/openStartTagMatchedContext.html; sourceTree = "<group>"; };
		9D06CEED099E8077001DD31C /* commentContext.html */ = {isa = PBXFileReference; fileEncoding = 4; lastKnownFileType = text.html; name = commentContext.html; path = res/commentContext.html; sourceTree = "<group>"; };
		9D06CEF1099E80A9001DD31C /* commentMatchedContext.html */ = {isa = PBXFileReference; fileEncoding = 4; lastKnownFileType = text.html; name = commentMatchedContext.html; path = res/commentMatchedContext.html; sourceTree = "<group>"; };
		9D06CEF7099E80D1001DD31C /* piContext.html */ = {isa = PBXFileReference; fileEncoding = 4; lastKnownFileType = text.html; name = piContext.html; path = res/piContext.html; sourceTree = "<group>"; };
		9D06CEFB099E80EF001DD31C /* piMatchedContext.html */ = {isa = PBXFileReference; fileEncoding = 4; lastKnownFileType = text.html; name = piMatchedContext.html; path = res/piMatchedContext.html; sourceTree = "<group>"; };
		9D06CEFF099E8114001DD31C /* attrContext.html */ = {isa = PBXFileReference; fileEncoding = 4; lastKnownFileType = text.html; name = attrContext.html; path = res/attrContext.html; sourceTree = "<group>"; };
		9D06CF01099E8120001DD31C /* attrMatchedContext.html */ = {isa = PBXFileReference; fileEncoding = 4; lastKnownFileType = text.html; name = attrMatchedContext.html; path = res/attrMatchedContext.html; sourceTree = "<group>"; };
		9D06CF03099E812D001DD31C /* textContext.html */ = {isa = PBXFileReference; fileEncoding = 4; lastKnownFileType = text.html; name = textContext.html; path = res/textContext.html; sourceTree = "<group>"; };
		9D06CF05099E813A001DD31C /* textMatchedContext.html */ = {isa = PBXFileReference; fileEncoding = 4; lastKnownFileType = text.html; name = textMatchedContext.html; path = res/textMatchedContext.html; sourceTree = "<group>"; };
		9D06CFB3099FB6B3001DD31C /* body.html */ = {isa = PBXFileReference; fileEncoding = 4; lastKnownFileType = text.html; name = body.html; path = res/body.html; sourceTree = "<group>"; };
		9D06CFB5099FB6BD001DD31C /* bodyMatched.html */ = {isa = PBXFileReference; fileEncoding = 4; lastKnownFileType = text.html; name = bodyMatched.html; path = res/bodyMatched.html; sourceTree = "<group>"; };
		9D06CFB7099FB6C8001DD31C /* bodyMatchedContext.html */ = {isa = PBXFileReference; fileEncoding = 4; lastKnownFileType = text.html; name = bodyMatchedContext.html; path = res/bodyMatchedContext.html; sourceTree = "<group>"; };
		9D06CFB9099FB6D0001DD31C /* bodyContext.html */ = {isa = PBXFileReference; fileEncoding = 4; lastKnownFileType = text.html; name = bodyContext.html; path = res/bodyContext.html; sourceTree = "<group>"; };
		9D6089E7097DC8F90062713E /* AquaPathDocument.h */ = {isa = PBXFileReference; fileEncoding = 4; lastKnownFileType = sourcecode.c.h; name = AquaPathDocument.h; path = src/AquaPathDocument.h; sourceTree = "<group>"; };
		9D6089E8097DC8F90062713E /* AquaPathDocument.m */ = {isa = PBXFileReference; fileEncoding = 4; lastKnownFileType = sourcecode.c.objc; name = AquaPathDocument.m; path = src/AquaPathDocument.m; sourceTree = "<group>"; };
		9D6089EA097DC9070062713E /* AquaPathController.h */ = {isa = PBXFileReference; fileEncoding = 4; lastKnownFileType = sourcecode.c.h; name = AquaPathController.h; path = src/AquaPathController.h; sourceTree = "<group>"; };
		9D6089EB097DC9070062713E /* AquaPathController.m */ = {isa = PBXFileReference; fileEncoding = 4; lastKnownFileType = sourcecode.c.objc; name = AquaPathController.m; path = src/AquaPathController.m; sourceTree = "<group>"; };
		9D608ADD097DD7A80062713E /* XPathService.h */ = {isa = PBXFileReference; fileEncoding = 4; lastKnownFileType = sourcecode.c.h; name = XPathService.h; path = src/XPathService.h; sourceTree = "<group>"; };
		9D608AE2097DD8040062713E /* XPathServiceNSXMLImpl.h */ = {isa = PBXFileReference; fileEncoding = 4; lastKnownFileType = sourcecode.c.h; name = XPathServiceNSXMLImpl.h; path = src/XPathServiceNSXMLImpl.h; sourceTree = "<group>"; };
		9D608AE3097DD8040062713E /* XPathServiceNSXMLImpl.m */ = {isa = PBXFileReference; fileEncoding = 4; lastKnownFileType = sourcecode.c.objc; name = XPathServiceNSXMLImpl.m; path = src/XPathServiceNSXMLImpl.m; sourceTree = "<group>"; };
		9D6091AF097E9D710062713E /* WebKit.framework */ = {isa = PBXFileReference; lastKnownFileType = wrapper.framework; name = WebKit.framework; path = /System/Library/Frameworks/WebKit.framework; sourceTree = "<absolute>"; };
		9D6091BC097E9E8C0062713E /* BorderView.h */ = {isa = PBXFileReference; fileEncoding = 30; lastKnownFileType = sourcecode.c.h; name = BorderView.h; path = src/BorderView.h; sourceTree = "<group>"; };
		9D6091BD097E9E8C0062713E /* BorderView.m */ = {isa = PBXFileReference; fileEncoding = 30; lastKnownFileType = sourcecode.c.objc; name = BorderView.m; path = src/BorderView.m; sourceTree = "<group>"; };
		9D60934E097EA4360062713E /* EventBasedDHTMLPrettyPrinter.h */ = {isa = PBXFileReference; fileEncoding = 30; lastKnownFileType = sourcecode.c.h; name = EventBasedDHTMLPrettyPrinter.h; path = src/EventBasedDHTMLPrettyPrinter.h; sourceTree = "<group>"; };
		9D60934F097EA4360062713E /* EventBasedDHTMLPrettyPrinter.m */ = {isa = PBXFileReference; fileEncoding = 30; lastKnownFileType = sourcecode.c.objc; name = EventBasedDHTMLPrettyPrinter.m; path = src/EventBasedDHTMLPrettyPrinter.m; sourceTree = "<group>"; };
		9D609355097EA4D30062713E /* attr.html */ = {isa = PBXFileReference; fileEncoding = 30; lastKnownFileType = text.html; path = attr.html; sourceTree = "<group>"; };
		9D609356097EA4D30062713E /* closeStartTag.html */ = {isa = PBXFileReference; fileEncoding = 30; lastKnownFileType = text.html; path = closeStartTag.html; sourceTree = "<group>"; };
		9D609357097EA4D30062713E /* endTag.html */ = {isa = PBXFileReference; fileEncoding = 30; lastKnownFileType = text.html; path = endTag.html; sourceTree = "<group>"; };
		9D609358097EA4D30062713E /* openStartTag.html */ = {isa = PBXFileReference; fileEncoding = 30; lastKnownFileType = text.html; path = openStartTag.html; sourceTree = "<group>"; };
		9D60935A097EA4D30062713E /* prettyPrintEnd.html */ = {isa = PBXFileReference; fileEncoding = 30; lastKnownFileType = text.html; path = prettyPrintEnd.html; sourceTree = "<group>"; };
		9D60935B097EA4D30062713E /* prettyPrintStart.html */ = {isa = PBXFileReference; fileEncoding = 30; lastKnownFileType = text.html; path = prettyPrintStart.html; sourceTree = "<group>"; };
		9D6094FF097EC2450062713E /* TreeBasedDHTMLPrettyPrinter.m */ = {isa = PBXFileReference; fileEncoding = 30; lastKnownFileType = sourcecode.c.objc; name = TreeBasedDHTMLPrettyPrinter.m; path = src/TreeBasedDHTMLPrettyPrinter.m; sourceTree = "<group>"; };
		9D609500097EC2450062713E /* TreeBasedDHTMLPrettyPrinter.h */ = {isa = PBXFileReference; fileEncoding = 30; lastKnownFileType = sourcecode.c.h; name = TreeBasedDHTMLPrettyPrinter.h; path = src/TreeBasedDHTMLPrettyPrinter.h; sourceTree = "<group>"; };
		9D609597097EDB400062713E /* comment.html */ = {isa = PBXFileReference; fileEncoding = 4; lastKnownFileType = text.html; path = comment.html; sourceTree = "<group>"; };
		9D60959D097EDB8D0062713E /* pi.html */ = {isa = PBXFileReference; fileEncoding = 4; lastKnownFileType = text.html; path = pi.html; sourceTree = "<group>"; };
		9D6096CC097F01130062713E /* openStartTagMatched.html */ = {isa = PBXFileReference; fileEncoding = 4; lastKnownFileType = text.html; path = openStartTagMatched.html; sourceTree = "<group>"; };
		9D6096DF097F02CD0062713E /* attrMatched.html */ = {isa = PBXFileReference; fileEncoding = 4; lastKnownFileType = text.html; path = attrMatched.html; sourceTree = "<group>"; };
		9D6096F4097F04720062713E /* piMatched.html */ = {isa = PBXFileReference; fileEncoding = 4; lastKnownFileType = text.html; path = piMatched.html; sourceTree = "<group>"; };
		9D6096FD097F05C60062713E /* commentMatched.html */ = {isa = PBXFileReference; fileEncoding = 4; lastKnownFileType = text.html; path = commentMatched.html; sourceTree = "<group>"; };
		9D609715097F06720062713E /* textMatched.html */ = {isa = PBXFileReference; fileEncoding = 4; lastKnownFileType = text.html; path = textMatched.html; sourceTree = "<group>"; };
		9D609719097F06920062713E /* text.html */ = {isa = PBXFileReference; fileEncoding = 4; lastKnownFileType = text.html; path = text.html; sourceTree = "<group>"; };
		9D609730097F26950062713E /* appl.icns */ = {isa = PBXFileReference; lastKnownFileType = image.icns; name = appl.icns; path = res/appl.icns; sourceTree = "<group>"; };
		D3B089970A6D9475005723A3 /* XSLTBasedDHTMLPrettyPrinter.h */ = {isa = PBXFileReference; fileEncoding = 4; lastKnownFileType = sourcecode.c.h; name = XSLTBasedDHTMLPrettyPrinter.h; path = src/XSLTBasedDHTMLPrettyPrinter.h; sourceTree = "<group>"; };
		D3B089980A6D9475005723A3 /* XSLTBasedDHTMLPrettyPrinter.m */ = {isa = PBXFileReference; fileEncoding = 4; lastKnownFileType = sourcecode.c.objc; name = XSLTBasedDHTMLPrettyPrinter.m; path = src/XSLTBasedDHTMLPrettyPrinter.m; sourceTree = "<group>"; };
		D3B089A00A6D94C9005723A3 /* prettyxml.xsl */ = {isa = PBXFileReference; fileEncoding = 30; lastKnownFileType = text.xml; path = prettyxml.xsl; sourceTree = "<group>"; };
/* End PBXFileReference section */

/* Begin PBXFrameworksBuildPhase section */
		8D15AC330486D014006FF6A4 /* Frameworks */ = {
			isa = PBXFrameworksBuildPhase;
			buildActionMask = 2147483647;
			files = (
				8D15AC340486D014006FF6A4 /* Cocoa.framework in Frameworks */,
				9D6091B0097E9D710062713E /* WebKit.framework in Frameworks */,
			);
			runOnlyForDeploymentPostprocessing = 0;
		};
/* End PBXFrameworksBuildPhase section */

/* Begin PBXGroup section */
		1058C7A6FEA54F5311CA2CBB /* Linked Frameworks */ = {
			isa = PBXGroup;
			children = (
				9D6091AF097E9D710062713E /* WebKit.framework */,
				1058C7A7FEA54F5311CA2CBB /* Cocoa.framework */,
			);
			name = "Linked Frameworks";
			sourceTree = "<group>";
		};
		1058C7A8FEA54F5311CA2CBB /* Other Frameworks */ = {
			isa = PBXGroup;
			children = (
				2A37F4C4FDCFA73011CA2CEA /* AppKit.framework */,
				13E42FBA07B3F13500E4EEF1 /* CoreData.framework */,
				2A37F4C5FDCFA73011CA2CEA /* Foundation.framework */,
			);
			name = "Other Frameworks";
			sourceTree = "<group>";
		};
		19C28FB0FE9D524F11CA2CBB /* Products */ = {
			isa = PBXGroup;
			children = (
				8D15AC370486D014006FF6A4 /* AquaPath.app */,
			);
			name = Products;
			sourceTree = "<group>";
		};
		2A37F4AAFDCFA73011CA2CEA /* AquaPath */ = {
			isa = PBXGroup;
			children = (
				2A37F4ABFDCFA73011CA2CEA /* Classes */,
				2A37F4AFFDCFA73011CA2CEA /* Other Sources */,
				2A37F4B8FDCFA73011CA2CEA /* Resources */,
				2A37F4C3FDCFA73011CA2CEA /* Frameworks */,
				19C28FB0FE9D524F11CA2CBB /* Products */,
			);
			name = AquaPath;
			sourceTree = "<group>";
		};
		2A37F4ABFDCFA73011CA2CEA /* Classes */ = {
			isa = PBXGroup;
			children = (
				9D60934D097EA3CD0062713E /* Controllers */,
				9D60934C097EA3C60062713E /* Models */,
				9D60934B097EA3AE0062713E /* Views */,
			);
			name = Classes;
			sourceTree = "<group>";
		};
		2A37F4AFFDCFA73011CA2CEA /* Other Sources */ = {
			isa = PBXGroup;
			children = (
				32DBCF750370BD2300C91783 /* AquaPath_Prefix.pch */,
				2A37F4B0FDCFA73011CA2CEA /* main.m */,
			);
			name = "Other Sources";
			sourceTree = "<group>";
		};
		2A37F4B8FDCFA73011CA2CEA /* Resources */ = {
			isa = PBXGroup;
			children = (
				D3B089A00A6D94C9005723A3 /* prettyxml.xsl */,
				9D609730097F26950062713E /* appl.icns */,
				9D609354097EA4D30062713E /* Markup */,
				2A37F4B9FDCFA73011CA2CEA /* Credits.rtf */,
				2A37F4B6FDCFA73011CA2CEA /* MainMenu.nib */,
				2A37F4B4FDCFA73011CA2CEA /* AquaPathWindow.nib */,
				8D15AC360486D014006FF6A4 /* Info.plist */,
				089C165FFE840EACC02AAC07 /* InfoPlist.strings */,
			);
			name = Resources;
			sourceTree = "<group>";
		};
		2A37F4C3FDCFA73011CA2CEA /* Frameworks */ = {
			isa = PBXGroup;
			children = (
				1058C7A6FEA54F5311CA2CBB /* Linked Frameworks */,
				1058C7A8FEA54F5311CA2CBB /* Other Frameworks */,
			);
			name = Frameworks;
			sourceTree = "<group>";
		};
		9D60934B097EA3AE0062713E /* Views */ = {
			isa = PBXGroup;
			children = (
				9D609500097EC2450062713E /* TreeBasedDHTMLPrettyPrinter.h */,
				9D6094FF097EC2450062713E /* TreeBasedDHTMLPrettyPrinter.m */,
				9D60934E097EA4360062713E /* EventBasedDHTMLPrettyPrinter.h */,
				9D60934F097EA4360062713E /* EventBasedDHTMLPrettyPrinter.m */,
				9D6091BC097E9E8C0062713E /* BorderView.h */,
				9D6091BD097E9E8C0062713E /* BorderView.m */,
				D3B089970A6D9475005723A3 /* XSLTBasedDHTMLPrettyPrinter.h */,
				D3B089980A6D9475005723A3 /* XSLTBasedDHTMLPrettyPrinter.m */,
			);
			name = Views;
			sourceTree = "<group>";
		};
		9D60934C097EA3C60062713E /* Models */ = {
			isa = PBXGroup;
			children = (
				9D6089E7097DC8F90062713E /* AquaPathDocument.h */,
				9D6089E8097DC8F90062713E /* AquaPathDocument.m */,
				9D608ADD097DD7A80062713E /* XPathService.h */,
				9D608AE2097DD8040062713E /* XPathServiceNSXMLImpl.h */,
				9D608AE3097DD8040062713E /* XPathServiceNSXMLImpl.m */,
			);
			name = Models;
			sourceTree = "<group>";
		};
		9D60934D097EA3CD0062713E /* Controllers */ = {
			isa = PBXGroup;
			children = (
				9D6089EA097DC9070062713E /* AquaPathController.h */,
				9D6089EB097DC9070062713E /* AquaPathController.m */,
			);
			name = Controllers;
			sourceTree = "<group>";
		};
		9D609354097EA4D30062713E /* Markup */ = {
			isa = PBXGroup;
			children = (
				9D609355097EA4D30062713E /* attr.html */,
				9D6096DF097F02CD0062713E /* attrMatched.html */,
				9D06CEFF099E8114001DD31C /* attrContext.html */,
				9D06CF01099E8120001DD31C /* attrMatchedContext.html */,
				9D609356097EA4D30062713E /* closeStartTag.html */,
				9D609357097EA4D30062713E /* endTag.html */,
				9D609358097EA4D30062713E /* openStartTag.html */,
				9D6096CC097F01130062713E /* openStartTagMatched.html */,
				9D06CECA099E7EEE001DD31C /* openStartTagContext.html */,
				9D06CECE099E7F0B001DD31C /* openStartTagMatchedContext.html */,
				9D60935A097EA4D30062713E /* prettyPrintEnd.html */,
				9D60935B097EA4D30062713E /* prettyPrintStart.html */,
				9D609597097EDB400062713E /* comment.html */,
				9D06CEED099E8077001DD31C /* commentContext.html */,
				9D6096FD097F05C60062713E /* commentMatched.html */,
				9D06CEF1099E80A9001DD31C /* commentMatchedContext.html */,
				9D60959D097EDB8D0062713E /* pi.html */,
				9D6096F4097F04720062713E /* piMatched.html */,
				9D06CEF7099E80D1001DD31C /* piContext.html */,
				9D06CEFB099E80EF001DD31C /* piMatchedContext.html */,
				9D609719097F06920062713E /* text.html */,
				9D609715097F06720062713E /* textMatched.html */,
				9D06CF03099E812D001DD31C /* textContext.html */,
				9D06CF05099E813A001DD31C /* textMatchedContext.html */,
				9D06CFB3099FB6B3001DD31C /* body.html */,
				9D06CFB5099FB6BD001DD31C /* bodyMatched.html */,
				9D06CFB7099FB6C8001DD31C /* bodyMatchedContext.html */,
				9D06CFB9099FB6D0001DD31C /* bodyContext.html */,
			);
			name = Markup;
			path = res/Markup;
			sourceTree = "<group>";
		};
/* End PBXGroup section */

/* Begin PBXNativeTarget section */
		8D15AC270486D014006FF6A4 /* AquaPath */ = {
			isa = PBXNativeTarget;
			buildConfigurationList = C05733C708A9546B00998B17 /* Build configuration list for PBXNativeTarget "AquaPath" */;
			buildPhases = (
				8D15AC2B0486D014006FF6A4 /* Resources */,
				8D15AC300486D014006FF6A4 /* Sources */,
				8D15AC330486D014006FF6A4 /* Frameworks */,
			);
			buildRules = (
			);
			dependencies = (
			);
			name = AquaPath;
			productInstallPath = "$(HOME)/Applications";
			productName = AquaPath;
			productReference = 8D15AC370486D014006FF6A4 /* AquaPath.app */;
			productType = "com.apple.product-type.application";
		};
/* End PBXNativeTarget section */

/* Begin PBXProject section */
		2A37F4A9FDCFA73011CA2CEA /* Project object */ = {
			isa = PBXProject;
			buildConfigurationList = C05733CB08A9546B00998B17 /* Build configuration list for PBXProject "AquaPath" */;
			compatibilityVersion = "Xcode 2.4";
			hasScannedForEncodings = 1;
			mainGroup = 2A37F4AAFDCFA73011CA2CEA /* AquaPath */;
			projectDirPath = "";
			projectRoot = "";
			targets = (
				8D15AC270486D014006FF6A4 /* AquaPath */,
			);
		};
/* End PBXProject section */

/* Begin PBXResourcesBuildPhase section */
		8D15AC2B0486D014006FF6A4 /* Resources */ = {
			isa = PBXResourcesBuildPhase;
			buildActionMask = 2147483647;
			files = (
				8D15AC2C0486D014006FF6A4 /* Credits.rtf in Resources */,
				8D15AC2D0486D014006FF6A4 /* MainMenu.nib in Resources */,
				8D15AC2E0486D014006FF6A4 /* AquaPathWindow.nib in Resources */,
				8D15AC2F0486D014006FF6A4 /* InfoPlist.strings in Resources */,
				9D60935C097EA4D30062713E /* attr.html in Resources */,
				9D60935D097EA4D30062713E /* closeStartTag.html in Resources */,
				9D60935E097EA4D30062713E /* endTag.html in Resources */,
				9D60935F097EA4D30062713E /* openStartTag.html in Resources */,
				9D609361097EA4D30062713E /* prettyPrintEnd.html in Resources */,
				9D609362097EA4D30062713E /* prettyPrintStart.html in Resources */,
				9D609598097EDB400062713E /* comment.html in Resources */,
				9D60959E097EDB8D0062713E /* pi.html in Resources */,
				9D6096CD097F01130062713E /* openStartTagMatched.html in Resources */,
				9D6096E0097F02CD0062713E /* attrMatched.html in Resources */,
				9D6096F5097F04720062713E /* piMatched.html in Resources */,
				9D6096FE097F05C60062713E /* commentMatched.html in Resources */,
				9D609716097F06720062713E /* textMatched.html in Resources */,
				9D60971A097F06920062713E /* text.html in Resources */,
				9D609731097F26950062713E /* appl.icns in Resources */,
				9D06CECB099E7EEE001DD31C /* openStartTagContext.html in Resources */,
				9D06CECF099E7F0B001DD31C /* openStartTagMatchedContext.html in Resources */,
				9D06CEEE099E8077001DD31C /* commentContext.html in Resources */,
				9D06CEF2099E80A9001DD31C /* commentMatchedContext.html in Resources */,
				9D06CEF8099E80D1001DD31C /* piContext.html in Resources */,
				9D06CEFC099E80EF001DD31C /* piMatchedContext.html in Resources */,
				9D06CF00099E8114001DD31C /* attrContext.html in Resources */,
				9D06CF02099E8120001DD31C /* attrMatchedContext.html in Resources */,
				9D06CF04099E812D001DD31C /* textContext.html in Resources */,
				9D06CF06099E813A001DD31C /* textMatchedContext.html in Resources */,
				9D06CFB4099FB6B4001DD31C /* body.html in Resources */,
				9D06CFB6099FB6BD001DD31C /* bodyMatched.html in Resources */,
				9D06CFB8099FB6C8001DD31C /* bodyMatchedContext.html in Resources */,
				9D06CFBA099FB6D0001DD31C /* bodyContext.html in Resources */,
				D3B089A10A6D94C9005723A3 /* prettyxml.xsl in Resources */,
			);
			runOnlyForDeploymentPostprocessing = 0;
		};
/* End PBXResourcesBuildPhase section */

/* Begin PBXSourcesBuildPhase section */
		8D15AC300486D014006FF6A4 /* Sources */ = {
			isa = PBXSourcesBuildPhase;
			buildActionMask = 2147483647;
			files = (
				8D15AC320486D014006FF6A4 /* main.m in Sources */,
				9D6089E9097DC8F90062713E /* AquaPathDocument.m in Sources */,
				9D6089EC097DC9070062713E /* AquaPathController.m in Sources */,
				9D608AE4097DD8040062713E /* XPathServiceNSXMLImpl.m in Sources */,
				9D6091BE097E9E8C0062713E /* BorderView.m in Sources */,
				9D609350097EA4360062713E /* EventBasedDHTMLPrettyPrinter.m in Sources */,
				9D609501097EC2450062713E /* TreeBasedDHTMLPrettyPrinter.m in Sources */,
				D3B089990A6D9475005723A3 /* XSLTBasedDHTMLPrettyPrinter.m in Sources */,
			);
			runOnlyForDeploymentPostprocessing = 0;
		};
/* End PBXSourcesBuildPhase section */

/* Begin PBXVariantGroup section */
		089C165FFE840EACC02AAC07 /* InfoPlist.strings */ = {
			isa = PBXVariantGroup;
			children = (
				089C1660FE840EACC02AAC07 /* English */,
			);
			name = InfoPlist.strings;
			sourceTree = "<group>";
		};
		2A37F4B4FDCFA73011CA2CEA /* AquaPathWindow.nib */ = {
			isa = PBXVariantGroup;
			children = (
				2A37F4B5FDCFA73011CA2CEA /* English */,
			);
			name = AquaPathWindow.nib;
			sourceTree = "<group>";
		};
		2A37F4B6FDCFA73011CA2CEA /* MainMenu.nib */ = {
			isa = PBXVariantGroup;
			children = (
				2A37F4B7FDCFA73011CA2CEA /* English */,
			);
			name = MainMenu.nib;
			sourceTree = "<group>";
		};
		2A37F4B9FDCFA73011CA2CEA /* Credits.rtf */ = {
			isa = PBXVariantGroup;
			children = (
				2A37F4BAFDCFA73011CA2CEA /* English */,
			);
			name = Credits.rtf;
			sourceTree = "<group>";
		};
/* End PBXVariantGroup section */

/* Begin XCBuildConfiguration section */
		C05733C808A9546B00998B17 /* Debug */ = {
			isa = XCBuildConfiguration;
			buildSettings = {
				COPY_PHASE_STRIP = NO;
				GCC_DYNAMIC_NO_PIC = NO;
				GCC_ENABLE_FIX_AND_CONTINUE = YES;
				GCC_ENABLE_OBJC_EXCEPTIONS = YES;
				GCC_MODEL_TUNING = G5;
				GCC_OPTIMIZATION_LEVEL = 0;
				INFOPLIST_FILE = Info.plist;
				INSTALL_PATH = "$(HOME)/Applications";
				PRODUCT_NAME = AquaPath;
				WRAPPER_EXTENSION = app;
				ZERO_LINK = YES;
			};
			name = Debug;
		};
		C05733C908A9546B00998B17 /* Release */ = {
			isa = XCBuildConfiguration;
			buildSettings = {
				ARCHS = (
					ppc,
					i386,
				);
				GCC_ENABLE_OBJC_EXCEPTIONS = YES;
				GCC_GENERATE_DEBUGGING_SYMBOLS = NO;
				GCC_MODEL_TUNING = G5;
				INFOPLIST_FILE = Info.plist;
				INSTALL_PATH = "$(HOME)/Applications";
				PRODUCT_NAME = AquaPath;
				WRAPPER_EXTENSION = app;
			};
			name = Release;
		};
		C05733CC08A9546B00998B17 /* Debug */ = {
			isa = XCBuildConfiguration;
			buildSettings = {
				GCC_ENABLE_OBJC_EXCEPTIONS = YES;
				GCC_WARN_ABOUT_RETURN_TYPE = YES;
				GCC_WARN_UNUSED_VARIABLE = YES;
				PREBINDING = NO;
				SDKROOT = /Developer/SDKs/MacOSX10.4u.sdk;
			};
			name = Debug;
		};
		C05733CD08A9546B00998B17 /* Release */ = {
			isa = XCBuildConfiguration;
			buildSettings = {
				GCC_ENABLE_OBJC_EXCEPTIONS = YES;
				GCC_WARN_ABOUT_RETURN_TYPE = YES;
				GCC_WARN_UNUSED_VARIABLE = YES;
				PREBINDING = NO;
				SDKROOT = /Developer/SDKs/MacOSX10.4u.sdk;
			};
			name = Release;
		};
/* End XCBuildConfiguration section */

/* Begin XCConfigurationList section */
		C05733C708A9546B00998B17 /* Build configuration list for PBXNativeTarget "AquaPath" */ = {
			isa = XCConfigurationList;
			buildConfigurations = (
				C05733C808A9546B00998B17 /* Debug */,
				C05733C908A9546B00998B17 /* Release */,
			);
			defaultConfigurationIsVisible = 0;
			defaultConfigurationName = Release;
		};
		C05733CB08A9546B00998B17 /* Build configuration list for PBXProject "AquaPath" */ = {
			isa = XCConfigurationList;
			buildConfigurations = (
				C05733CC08A9546B00998B17 /* Debug */,
				C05733CD08A9546B00998B17 /* Release */,
			);
			defaultConfigurationIsVisible = 0;
			defaultConfigurationName = Release;
		};
/* End XCConfigurationList section */
	};
	rootObject = 2A37F4A9FDCFA73011CA2CEA /* Project object */;
}
